
Microsoft Visual Studio Solution File, Format Version 12.00
# Visual Studio 14
VisualStudioVersion = 14.0.25420.1
MinimumVisualStudioVersion = 10.0.40219.1
Project("{2150E333-8FDC-42A3-9474-1A3956D46DE8}") = "src", "src", "{10BBD251-ED5A-4378-8764-513C683FD8A3}"
EndProject
Project("{2150E333-8FDC-42A3-9474-1A3956D46DE8}") = "Solution Items", "Solution Items", "{492FA7B0-6EC7-4AEA-8A68-5EB8E4CD5042}"
	ProjectSection(SolutionItems) = preProject
		global.json = global.json
	EndProjectSection
EndProject
Project("{8BB2217D-0F2D-49D1-97BC-3654ED321F3B}") = "AzureSampleApp", "src\AzureSampleApp\AzureSampleApp.xproj", "{7E33A443-6339-4921-A585-CB490AFA5D61}"
EndProject
Global
	GlobalSection(SolutionConfigurationPlatforms) = preSolution
		Debug|Any CPU = Debug|Any CPU
		Release|Any CPU = Release|Any CPU
	EndGlobalSection
	GlobalSection(ProjectConfigurationPlatforms) = postSolution
		{7E33A443-6339-4921-A585-CB490AFA5D61}.Debug|Any CPU.ActiveCfg = Debug|Any CPU
		{7E33A443-6339-4921-A585-CB490AFA5D61}.Debug|Any CPU.Build.0 = Debug|Any CPU
		{7E33A443-6339-4921-A585-CB490AFA5D61}.Release|Any CPU.ActiveCfg = Release|Any CPU
		{7E33A443-6339-4921-A585-CB490AFA5D61}.Release|Any CPU.Build.0 = Release|Any CPU
	EndGlobalSection
	GlobalSection(SolutionProperties) = preSolution
		HideSolutionNode = FALSE
	EndGlobalSection
	GlobalSection(NestedProjects) = preSolution
		{7E33A443-6339-4921-A585-CB490AFA5D61} = {10BBD251-ED5A-4378-8764-513C683FD8A3}
	EndGlobalSection
EndGlobal
